
Microsoft Visual Studio Solution File, Format Version 12.00
# Visual Studio Version 16
VisualStudioVersion = 16.0.31005.135
MinimumVisualStudioVersion = 10.0.40219.1
Project("{9A19103F-16F7-4668-BE54-9A1E7A4F7556}") = "Persistence", "Persistence\Persistence.csproj", "{115045EF-7B63-4D2F-BAE6-DA9E98BD2946}"
EndProject
Project("{9A19103F-16F7-4668-BE54-9A1E7A4F7556}") = "Common", "Common\Common.csproj", "{01A7438D-A471-4804-AC85-C2D85F188274}"
EndProject
Project("{9A19103F-16F7-4668-BE54-9A1E7A4F7556}") = "CommonServices", "CommonServices\CommonServices.csproj", "{22300D2A-B494-475C-9A3D-9EF3336D2376}"
EndProject
Project("{FAE04EC0-301F-11D3-BF4B-00C04F79EFBC}") = "CommonServicesTests", "CommonServicesTests\CommonServicesTests.csproj", "{BE070CD4-AB6A-4BD6-9678-6D07E57CE92B}"
EndProject
Project("{FAE04EC0-301F-11D3-BF4B-00C04F79EFBC}") = "CQuerAPI", "CQuerAPI\CQuerAPI.csproj", "{70DB2951-2004-411C-A29F-B340E56E5513}"
EndProject
Global
	GlobalSection(SolutionConfigurationPlatforms) = preSolution
		Debug|Any CPU = Debug|Any CPU
		Release|Any CPU = Release|Any CPU
	EndGlobalSection
	GlobalSection(ProjectConfigurationPlatforms) = postSolution
		{115045EF-7B63-4D2F-BAE6-DA9E98BD2946}.Debug|Any CPU.ActiveCfg = Debug|Any CPU
		{115045EF-7B63-4D2F-BAE6-DA9E98BD2946}.Debug|Any CPU.Build.0 = Debug|Any CPU
		{115045EF-7B63-4D2F-BAE6-DA9E98BD2946}.Release|Any CPU.ActiveCfg = Release|Any CPU
		{115045EF-7B63-4D2F-BAE6-DA9E98BD2946}.Release|Any CPU.Build.0 = Release|Any CPU
		{01A7438D-A471-4804-AC85-C2D85F188274}.Debug|Any CPU.ActiveCfg = Debug|Any CPU
		{01A7438D-A471-4804-AC85-C2D85F188274}.Debug|Any CPU.Build.0 = Debug|Any CPU
		{01A7438D-A471-4804-AC85-C2D85F188274}.Release|Any CPU.ActiveCfg = Release|Any CPU
		{01A7438D-A471-4804-AC85-C2D85F188274}.Release|Any CPU.Build.0 = Release|Any CPU
		{22300D2A-B494-475C-9A3D-9EF3336D2376}.Debug|Any CPU.ActiveCfg = Debug|Any CPU
		{22300D2A-B494-475C-9A3D-9EF3336D2376}.Debug|Any CPU.Build.0 = Debug|Any CPU
		{22300D2A-B494-475C-9A3D-9EF3336D2376}.Release|Any CPU.ActiveCfg = Release|Any CPU
		{22300D2A-B494-475C-9A3D-9EF3336D2376}.Release|Any CPU.Build.0 = Release|Any CPU
		{BE070CD4-AB6A-4BD6-9678-6D07E57CE92B}.Debug|Any CPU.ActiveCfg = Debug|Any CPU
		{BE070CD4-AB6A-4BD6-9678-6D07E57CE92B}.Debug|Any CPU.Build.0 = Debug|Any CPU
		{BE070CD4-AB6A-4BD6-9678-6D07E57CE92B}.Release|Any CPU.ActiveCfg = Release|Any CPU
		{BE070CD4-AB6A-4BD6-9678-6D07E57CE92B}.Release|Any CPU.Build.0 = Release|Any CPU
		{70DB2951-2004-411C-A29F-B340E56E5513}.Debug|Any CPU.ActiveCfg = Debug|Any CPU
		{70DB2951-2004-411C-A29F-B340E56E5513}.Debug|Any CPU.Build.0 = Debug|Any CPU
		{70DB2951-2004-411C-A29F-B340E56E5513}.Release|Any CPU.ActiveCfg = Release|Any CPU
		{70DB2951-2004-411C-A29F-B340E56E5513}.Release|Any CPU.Build.0 = Release|Any CPU
	EndGlobalSection
	GlobalSection(SolutionProperties) = preSolution
		HideSolutionNode = FALSE
	EndGlobalSection
	GlobalSection(ExtensibilityGlobals) = postSolution
		SolutionGuid = {DC986F7D-0C67-4A42-9EC5-E00C51099753}
	EndGlobalSection
EndGlobal
